
Microsoft Visual Studio Solution File, Format Version 12.00
# Visual Studio Version 17
VisualStudioVersion = 17.5.2.0
MinimumVisualStudioVersion = 10.0.40219.1
Project("{2150E333-8FDC-42A3-9474-1A3956D46DE8}") = "Api", "Api", "{D82C56D6-B2CD-F611-9E31-04638F7EC30E}"
EndProject
Project("{FAE04EC0-301F-11D3-BF4B-00C04F79EFBC}") = "minimal-api", "Api\minimal-api.csproj", "{BC1945A5-B9C4-4BDD-9372-747AEE81D096}"
EndProject
Project("{FAE04EC0-301F-11D3-BF4B-00C04F79EFBC}") = "Test", "Test\Test.csproj", "{7D76001D-4809-42C3-A379-D53511D0D590}"
EndProject
Global
	GlobalSection(SolutionConfigurationPlatforms) = preSolution
		Debug|Any CPU = Debug|Any CPU
		Debug|x64 = Debug|x64
		Debug|x86 = Debug|x86
		Release|Any CPU = Release|Any CPU
		Release|x64 = Release|x64
		Release|x86 = Release|x86
	EndGlobalSection
	GlobalSection(ProjectConfigurationPlatforms) = postSolution
		{4DA376C4-2915-E111-8109-D5D194E3BCD9}.Debug|Any CPU.ActiveCfg = Debug|Any CPU
		{4DA376C4-2915-E111-8109-D5D194E3BCD9}.Debug|Any CPU.Build.0 = Debug|Any CPU
		{4DA376C4-2915-E111-8109-D5D194E3BCD9}.Debug|x64.ActiveCfg = Debug|Any CPU
		{4DA376C4-2915-E111-8109-D5D194E3BCD9}.Debug|x64.Build.0 = Debug|Any CPU
		{4DA376C4-2915-E111-8109-D5D194E3BCD9}.Debug|x86.ActiveCfg = Debug|Any CPU
		{4DA376C4-2915-E111-8109-D5D194E3BCD9}.Debug|x86.Build.0 = Debug|Any CPU
		{4DA376C4-2915-E111-8109-D5D194E3BCD9}.Release|Any CPU.ActiveCfg = Release|Any CPU
		{4DA376C4-2915-E111-8109-D5D194E3BCD9}.Release|Any CPU.Build.0 = Release|Any CPU
		{4DA376C4-2915-E111-8109-D5D194E3BCD9}.Release|x64.ActiveCfg = Release|Any CPU
		{4DA376C4-2915-E111-8109-D5D194E3BCD9}.Release|x64.Build.0 = Release|Any CPU
		{4DA376C4-2915-E111-8109-D5D194E3BCD9}.Release|x86.ActiveCfg = Release|Any CPU
		{4DA376C4-2915-E111-8109-D5D194E3BCD9}.Release|x86.Build.0 = Release|Any CPU
		{BC1945A5-B9C4-4BDD-9372-747AEE81D096}.Debug|Any CPU.ActiveCfg = Debug|Any CPU
		{BC1945A5-B9C4-4BDD-9372-747AEE81D096}.Debug|Any CPU.Build.0 = Debug|Any CPU
		{BC1945A5-B9C4-4BDD-9372-747AEE81D096}.Debug|x64.ActiveCfg = Debug|Any CPU
		{BC1945A5-B9C4-4BDD-9372-747AEE81D096}.Debug|x64.Build.0 = Debug|Any CPU
		{BC1945A5-B9C4-4BDD-9372-747AEE81D096}.Debug|x86.ActiveCfg = Debug|Any CPU
		{BC1945A5-B9C4-4BDD-9372-747AEE81D096}.Debug|x86.Build.0 = Debug|Any CPU
		{BC1945A5-B9C4-4BDD-9372-747AEE81D096}.Release|Any CPU.ActiveCfg = Release|Any CPU
		{BC1945A5-B9C4-4BDD-9372-747AEE81D096}.Release|Any CPU.Build.0 = Release|Any CPU
		{BC1945A5-B9C4-4BDD-9372-747AEE81D096}.Release|x64.ActiveCfg = Release|Any CPU
		{BC1945A5-B9C4-4BDD-9372-747AEE81D096}.Release|x64.Build.0 = Release|Any CPU
		{BC1945A5-B9C4-4BDD-9372-747AEE81D096}.Release|x86.ActiveCfg = Release|Any CPU
		{BC1945A5-B9C4-4BDD-9372-747AEE81D096}.Release|x86.Build.0 = Release|Any CPU
		{7D76001D-4809-42C3-A379-D53511D0D590}.Debug|Any CPU.ActiveCfg = Debug|Any CPU
		{7D76001D-4809-42C3-A379-D53511D0D590}.Debug|Any CPU.Build.0 = Debug|Any CPU
		{7D76001D-4809-42C3-A379-D53511D0D590}.Debug|x64.ActiveCfg = Debug|Any CPU
		{7D76001D-4809-42C3-A379-D53511D0D590}.Debug|x64.Build.0 = Debug|Any CPU
		{7D76001D-4809-42C3-A379-D53511D0D590}.Debug|x86.ActiveCfg = Debug|Any CPU
		{7D76001D-4809-42C3-A379-D53511D0D590}.Debug|x86.Build.0 = Debug|Any CPU
		{7D76001D-4809-42C3-A379-D53511D0D590}.Release|Any CPU.ActiveCfg = Release|Any CPU
		{7D76001D-4809-42C3-A379-D53511D0D590}.Release|Any CPU.Build.0 = Release|Any CPU
		{7D76001D-4809-42C3-A379-D53511D0D590}.Release|x64.ActiveCfg = Release|Any CPU
		{7D76001D-4809-42C3-A379-D53511D0D590}.Release|x64.Build.0 = Release|Any CPU
		{7D76001D-4809-42C3-A379-D53511D0D590}.Release|x86.ActiveCfg = Release|Any CPU
		{7D76001D-4809-42C3-A379-D53511D0D590}.Release|x86.Build.0 = Release|Any CPU
	EndGlobalSection
	GlobalSection(SolutionProperties) = preSolution
		HideSolutionNode = FALSE
	EndGlobalSection
	GlobalSection(NestedProjects) = preSolution
		{BC1945A5-B9C4-4BDD-9372-747AEE81D096} = {D82C56D6-B2CD-F611-9E31-04638F7EC30E}
	EndGlobalSection
	GlobalSection(ExtensibilityGlobals) = postSolution
		SolutionGuid = {E1BB0F28-CE57-487B-9260-BE10B91DA17E}
	EndGlobalSection
EndGlobal
